
Microsoft Visual Studio Solution File, Format Version 12.00
# Visual Studio Version 17
VisualStudioVersion = 17.14.36121.58 d17.14
MinimumVisualStudioVersion = 10.0.40219.1
Project("{FAE04EC0-301F-11D3-BF4B-00C04F79EFBC}") = "pract12_trpo", "pract12_trpo.csproj", "{995BE549-9EFA-4D75-86C4-64622DFC5787}"
EndProject
Global
	GlobalSection(SolutionConfigurationPlatforms) = preSolution
		Debug|Any CPU = Debug|Any CPU
		Release|Any CPU = Release|Any CPU
	EndGlobalSection
	GlobalSection(ProjectConfigurationPlatforms) = postSolution
		{995BE549-9EFA-4D75-86C4-64622DFC5787}.Debug|Any CPU.ActiveCfg = Debug|Any CPU
		{995BE549-9EFA-4D75-86C4-64622DFC5787}.Debug|Any CPU.Build.0 = Debug|Any CPU
		{995BE549-9EFA-4D75-86C4-64622DFC5787}.Release|Any CPU.ActiveCfg = Release|Any CPU
		{995BE549-9EFA-4D75-86C4-64622DFC5787}.Release|Any CPU.Build.0 = Release|Any CPU
	EndGlobalSection
	GlobalSection(SolutionProperties) = preSolution
		HideSolutionNode = FALSE
	EndGlobalSection
	GlobalSection(ExtensibilityGlobals) = postSolution
		SolutionGuid = {E8DC4907-AB6E-4C91-9332-185535F4E04D}
	EndGlobalSection
EndGlobal
